{
  "name": "rpi5_dockerized_dht_test",
  "version": "1.0.0",
  "lockfileVersion": 3,
  "requires": true,
  "packages": {
    "": {
      "name": "rpi5_dockerized_dht_test",
      "version": "1.0.0",
      "license": "ISC",
      "dependencies": {
        "node-dht-sensor": "^0.4.5"
      }
    },
    "node_modules/node-addon-api": {
      "version": "1.7.2",
      "resolved": "https://registry.npmjs.org/node-addon-api/-/node-addon-api-1.7.2.tgz",
      "integrity": "sha512-ibPK3iA+vaY1eEjESkQkM0BbCqFOaZMiXRTtdB0u7b4djtY6JnsjvPdUHVMg6xQt3B8fpTTWHI9A+ADjM9frzg==",
      "license": "MIT"
    },
    "node_modules/node-dht-sensor": {
      "version": "0.4.5",
      "resolved": "https://registry.npmjs.org/node-dht-sensor/-/node-dht-sensor-0.4.5.tgz",
      "integrity": "sha512-abGeUZcRBrGl+jdCFXaDjGlYZo0gf4oFhr0/6IALAC/i4dlIxK7OsbU15SgfTZVe4QhaBjVqcASWWvM32if/7A==",
      "hasInstallScript": true,
      "license": "LGPL-3.0",
      "dependencies": {
        "node-addon-api": "^1.6.3"
      }
    }
  }
}
